
Microsoft Visual Studio Solution File, Format Version 12.00
# Visual Studio Version 16
VisualStudioVersion = 16.0.29613.14
MinimumVisualStudioVersion = 10.0.40219.1
Project("{8BC9CEB8-8B4A-11D0-8D11-00A0C91BC942}") = "MapCreater", "Source\MapCreater\MapCreater.vcxproj", "{0A03F1DE-AC98-3A24-967D-4E5D19C4F77C}"
EndProject
Global
	GlobalSection(SolutionConfigurationPlatforms) = preSolution
		Debug|x64 = Debug|x64
		Release|x64 = Release|x64
	EndGlobalSection
	GlobalSection(ProjectConfigurationPlatforms) = postSolution
		{0A03F1DE-AC98-3A24-967D-4E5D19C4F77C}.Debug|x64.ActiveCfg = Debug|x64
		{0A03F1DE-AC98-3A24-967D-4E5D19C4F77C}.Debug|x64.Build.0 = Debug|x64
		{0A03F1DE-AC98-3A24-967D-4E5D19C4F77C}.Release|x64.ActiveCfg = Release|x64
		{0A03F1DE-AC98-3A24-967D-4E5D19C4F77C}.Release|x64.Build.0 = Release|x64
	EndGlobalSection
	GlobalSection(SolutionProperties) = preSolution
		HideSolutionNode = FALSE
	EndGlobalSection
	GlobalSection(ExtensibilityGlobals) = postSolution
		SolutionGuid = {05345995-26A3-4AB3-87AF-484B1BD479E3}
	EndGlobalSection
EndGlobal
